
Microsoft Visual Studio Solution File, Format Version 12.00
# Visual Studio Version 16
VisualStudioVersion = 16.0.31829.152
MinimumVisualStudioVersion = 10.0.40219.1
Project("{9A19103F-16F7-4668-BE54-9A1E7A4F7556}") = "ME3TweaksCore", "ME3TweaksCore\ME3TweaksCore.csproj", "{E66A1748-F1BB-4AA0-8429-CC34B596F620}"
EndProject
Project("{9A19103F-16F7-4668-BE54-9A1E7A4F7556}") = "LegendaryExplorerCore", "ME3TweaksCore\submodules\LegendaryExplorer\LegendaryExplorer\LegendaryExplorerCore\LegendaryExplorerCore.csproj", "{C70F0A21-1BE7-4A02-B2FA-09625EF26F2A}"
EndProject
Project("{FAE04EC0-301F-11D3-BF4B-00C04F79EFBC}") = "ME3TweaksCoreWPF", "ME3TweaksCoreWPF\ME3TweaksCoreWPF.csproj", "{74FC5D1B-F016-4F48-9A65-FDDC8E6B4D95}"
EndProject
Global
	GlobalSection(SolutionConfigurationPlatforms) = preSolution
		Debug|Any CPU = Debug|Any CPU
		Debug|x64 = Debug|x64
		LinuxDebug|Any CPU = LinuxDebug|Any CPU
		LinuxDebug|x64 = LinuxDebug|x64
		LinuxRelease|Any CPU = LinuxRelease|Any CPU
		LinuxRelease|x64 = LinuxRelease|x64
		MacDebug|Any CPU = MacDebug|Any CPU
		MacDebug|x64 = MacDebug|x64
		MacRelease|Any CPU = MacRelease|Any CPU
		MacRelease|x64 = MacRelease|x64
		Release|Any CPU = Release|Any CPU
		Release|x64 = Release|x64
		WinAzureRelease|Any CPU = WinAzureRelease|Any CPU
		WinAzureRelease|x64 = WinAzureRelease|x64
		WinAzureTest|Any CPU = WinAzureTest|Any CPU
		WinAzureTest|x64 = WinAzureTest|x64
		WinDebug|Any CPU = WinDebug|Any CPU
		WinDebug|x64 = WinDebug|x64
		WinRelease|Any CPU = WinRelease|Any CPU
		WinRelease|x64 = WinRelease|x64
		WPFDebug|Any CPU = WPFDebug|Any CPU
		WPFDebug|x64 = WPFDebug|x64
		WPFRelease|Any CPU = WPFRelease|Any CPU
		WPFRelease|x64 = WPFRelease|x64
	EndGlobalSection
	GlobalSection(ProjectConfigurationPlatforms) = postSolution
		{E66A1748-F1BB-4AA0-8429-CC34B596F620}.Debug|Any CPU.ActiveCfg = Debug|x64
		{E66A1748-F1BB-4AA0-8429-CC34B596F620}.Debug|x64.ActiveCfg = Debug|x64
		{E66A1748-F1BB-4AA0-8429-CC34B596F620}.Debug|x64.Build.0 = Debug|x64
		{E66A1748-F1BB-4AA0-8429-CC34B596F620}.LinuxDebug|Any CPU.ActiveCfg = Release|x64
		{E66A1748-F1BB-4AA0-8429-CC34B596F620}.LinuxDebug|Any CPU.Build.0 = Release|x64
		{E66A1748-F1BB-4AA0-8429-CC34B596F620}.LinuxDebug|x64.ActiveCfg = Debug|x64
		{E66A1748-F1BB-4AA0-8429-CC34B596F620}.LinuxRelease|Any CPU.ActiveCfg = Release|x64
		{E66A1748-F1BB-4AA0-8429-CC34B596F620}.LinuxRelease|Any CPU.Build.0 = Release|x64
		{E66A1748-F1BB-4AA0-8429-CC34B596F620}.LinuxRelease|x64.ActiveCfg = Release|x64
		{E66A1748-F1BB-4AA0-8429-CC34B596F620}.MacDebug|Any CPU.ActiveCfg = Release|x64
		{E66A1748-F1BB-4AA0-8429-CC34B596F620}.MacDebug|Any CPU.Build.0 = Release|x64
		{E66A1748-F1BB-4AA0-8429-CC34B596F620}.MacDebug|x64.ActiveCfg = Debug|x64
		{E66A1748-F1BB-4AA0-8429-CC34B596F620}.MacRelease|Any CPU.ActiveCfg = Release|x64
		{E66A1748-F1BB-4AA0-8429-CC34B596F620}.MacRelease|Any CPU.Build.0 = Release|x64
		{E66A1748-F1BB-4AA0-8429-CC34B596F620}.MacRelease|x64.ActiveCfg = Release|x64
		{E66A1748-F1BB-4AA0-8429-CC34B596F620}.Release|Any CPU.ActiveCfg = Release|x64
		{E66A1748-F1BB-4AA0-8429-CC34B596F620}.Release|x64.ActiveCfg = Release|x64
		{E66A1748-F1BB-4AA0-8429-CC34B596F620}.WinAzureRelease|Any CPU.ActiveCfg = Release|x64
		{E66A1748-F1BB-4AA0-8429-CC34B596F620}.WinAzureRelease|Any CPU.Build.0 = Release|x64
		{E66A1748-F1BB-4AA0-8429-CC34B596F620}.WinAzureRelease|x64.ActiveCfg = Release|x64
		{E66A1748-F1BB-4AA0-8429-CC34B596F620}.WinAzureTest|Any CPU.ActiveCfg = Release|x64
		{E66A1748-F1BB-4AA0-8429-CC34B596F620}.WinAzureTest|Any CPU.Build.0 = Release|x64
		{E66A1748-F1BB-4AA0-8429-CC34B596F620}.WinAzureTest|x64.ActiveCfg = Debug|x64
		{E66A1748-F1BB-4AA0-8429-CC34B596F620}.WinDebug|Any CPU.ActiveCfg = Release|x64
		{E66A1748-F1BB-4AA0-8429-CC34B596F620}.WinDebug|Any CPU.Build.0 = Release|x64
		{E66A1748-F1BB-4AA0-8429-CC34B596F620}.WinDebug|x64.ActiveCfg = Debug|x64
		{E66A1748-F1BB-4AA0-8429-CC34B596F620}.WinRelease|Any CPU.ActiveCfg = Release|x64
		{E66A1748-F1BB-4AA0-8429-CC34B596F620}.WinRelease|Any CPU.Build.0 = Release|x64
		{E66A1748-F1BB-4AA0-8429-CC34B596F620}.WinRelease|x64.ActiveCfg = Release|x64
		{E66A1748-F1BB-4AA0-8429-CC34B596F620}.WPFDebug|Any CPU.ActiveCfg = Release|x64
		{E66A1748-F1BB-4AA0-8429-CC34B596F620}.WPFDebug|Any CPU.Build.0 = Release|x64
		{E66A1748-F1BB-4AA0-8429-CC34B596F620}.WPFDebug|x64.ActiveCfg = Debug|x64
		{E66A1748-F1BB-4AA0-8429-CC34B596F620}.WPFRelease|Any CPU.ActiveCfg = Release|x64
		{E66A1748-F1BB-4AA0-8429-CC34B596F620}.WPFRelease|Any CPU.Build.0 = Release|x64
		{E66A1748-F1BB-4AA0-8429-CC34B596F620}.WPFRelease|x64.ActiveCfg = Release|x64
		{C70F0A21-1BE7-4A02-B2FA-09625EF26F2A}.Debug|Any CPU.ActiveCfg = WPFRelease|x64
		{C70F0A21-1BE7-4A02-B2FA-09625EF26F2A}.Debug|Any CPU.Build.0 = WPFRelease|x64
		{C70F0A21-1BE7-4A02-B2FA-09625EF26F2A}.Debug|x64.ActiveCfg = WinDebug|x64
		{C70F0A21-1BE7-4A02-B2FA-09625EF26F2A}.Debug|x64.Build.0 = WinDebug|x64
		{C70F0A21-1BE7-4A02-B2FA-09625EF26F2A}.LinuxDebug|Any CPU.ActiveCfg = LinuxDebug|x64
		{C70F0A21-1BE7-4A02-B2FA-09625EF26F2A}.LinuxDebug|x64.ActiveCfg = LinuxDebug|x64
		{C70F0A21-1BE7-4A02-B2FA-09625EF26F2A}.LinuxDebug|x64.Build.0 = LinuxDebug|x64
		{C70F0A21-1BE7-4A02-B2FA-09625EF26F2A}.LinuxRelease|Any CPU.ActiveCfg = LinuxRelease|x64
		{C70F0A21-1BE7-4A02-B2FA-09625EF26F2A}.LinuxRelease|x64.ActiveCfg = LinuxRelease|x64
		{C70F0A21-1BE7-4A02-B2FA-09625EF26F2A}.LinuxRelease|x64.Build.0 = LinuxRelease|x64
		{C70F0A21-1BE7-4A02-B2FA-09625EF26F2A}.MacDebug|Any CPU.ActiveCfg = MacDebug|x64
		{C70F0A21-1BE7-4A02-B2FA-09625EF26F2A}.MacDebug|x64.ActiveCfg = MacDebug|x64
		{C70F0A21-1BE7-4A02-B2FA-09625EF26F2A}.MacDebug|x64.Build.0 = MacDebug|x64
		{C70F0A21-1BE7-4A02-B2FA-09625EF26F2A}.MacRelease|Any CPU.ActiveCfg = MacRelease|x64
		{C70F0A21-1BE7-4A02-B2FA-09625EF26F2A}.MacRelease|x64.ActiveCfg = MacRelease|x64
		{C70F0A21-1BE7-4A02-B2FA-09625EF26F2A}.MacRelease|x64.Build.0 = MacRelease|x64
		{C70F0A21-1BE7-4A02-B2FA-09625EF26F2A}.Release|Any CPU.ActiveCfg = WPFRelease|x64
		{C70F0A21-1BE7-4A02-B2FA-09625EF26F2A}.Release|Any CPU.Build.0 = WPFRelease|x64
		{C70F0A21-1BE7-4A02-B2FA-09625EF26F2A}.Release|x64.ActiveCfg = WinRelease|x64
		{C70F0A21-1BE7-4A02-B2FA-09625EF26F2A}.Release|x64.Build.0 = WinRelease|x64
		{C70F0A21-1BE7-4A02-B2FA-09625EF26F2A}.WinAzureRelease|Any CPU.ActiveCfg = WinAzureRelease|x64
		{C70F0A21-1BE7-4A02-B2FA-09625EF26F2A}.WinAzureRelease|x64.ActiveCfg = WinAzureRelease|x64
		{C70F0A21-1BE7-4A02-B2FA-09625EF26F2A}.WinAzureRelease|x64.Build.0 = WinAzureRelease|x64
		{C70F0A21-1BE7-4A02-B2FA-09625EF26F2A}.WinAzureTest|Any CPU.ActiveCfg = WinAzureTest|x64
		{C70F0A21-1BE7-4A02-B2FA-09625EF26F2A}.WinAzureTest|x64.ActiveCfg = WinAzureTest|x64
		{C70F0A21-1BE7-4A02-B2FA-09625EF26F2A}.WinAzureTest|x64.Build.0 = WinAzureTest|x64
		{C70F0A21-1BE7-4A02-B2FA-09625EF26F2A}.WinDebug|Any CPU.ActiveCfg = WinDebug|x64
		{C70F0A21-1BE7-4A02-B2FA-09625EF26F2A}.WinDebug|x64.ActiveCfg = WinDebug|x64
		{C70F0A21-1BE7-4A02-B2FA-09625EF26F2A}.WinDebug|x64.Build.0 = WinDebug|x64
		{C70F0A21-1BE7-4A02-B2FA-09625EF26F2A}.WinRelease|Any CPU.ActiveCfg = WinRelease|x64
		{C70F0A21-1BE7-4A02-B2FA-09625EF26F2A}.WinRelease|x64.ActiveCfg = WinRelease|x64
		{C70F0A21-1BE7-4A02-B2FA-09625EF26F2A}.WinRelease|x64.Build.0 = WinRelease|x64
		{C70F0A21-1BE7-4A02-B2FA-09625EF26F2A}.WPFDebug|Any CPU.ActiveCfg = WPFDebug|x64
		{C70F0A21-1BE7-4A02-B2FA-09625EF26F2A}.WPFDebug|x64.ActiveCfg = WPFDebug|x64
		{C70F0A21-1BE7-4A02-B2FA-09625EF26F2A}.WPFDebug|x64.Build.0 = WPFDebug|x64
		{C70F0A21-1BE7-4A02-B2FA-09625EF26F2A}.WPFRelease|Any CPU.ActiveCfg = WPFRelease|x64
		{C70F0A21-1BE7-4A02-B2FA-09625EF26F2A}.WPFRelease|x64.ActiveCfg = WPFRelease|x64
		{C70F0A21-1BE7-4A02-B2FA-09625EF26F2A}.WPFRelease|x64.Build.0 = WPFRelease|x64
		{74FC5D1B-F016-4F48-9A65-FDDC8E6B4D95}.Debug|Any CPU.ActiveCfg = Debug|Any CPU
		{74FC5D1B-F016-4F48-9A65-FDDC8E6B4D95}.Debug|Any CPU.Build.0 = Debug|Any CPU
		{74FC5D1B-F016-4F48-9A65-FDDC8E6B4D95}.Debug|x64.ActiveCfg = Debug|Any CPU
		{74FC5D1B-F016-4F48-9A65-FDDC8E6B4D95}.Debug|x64.Build.0 = Debug|Any CPU
		{74FC5D1B-F016-4F48-9A65-FDDC8E6B4D95}.LinuxDebug|Any CPU.ActiveCfg = Debug|Any CPU
		{74FC5D1B-F016-4F48-9A65-FDDC8E6B4D95}.LinuxDebug|Any CPU.Build.0 = Debug|Any CPU
		{74FC5D1B-F016-4F48-9A65-FDDC8E6B4D95}.LinuxDebug|x64.ActiveCfg = Debug|Any CPU
		{74FC5D1B-F016-4F48-9A65-FDDC8E6B4D95}.LinuxDebug|x64.Build.0 = Debug|Any CPU
		{74FC5D1B-F016-4F48-9A65-FDDC8E6B4D95}.LinuxRelease|Any CPU.ActiveCfg = Release|Any CPU
		{74FC5D1B-F016-4F48-9A65-FDDC8E6B4D95}.LinuxRelease|Any CPU.Build.0 = Release|Any CPU
		{74FC5D1B-F016-4F48-9A65-FDDC8E6B4D95}.LinuxRelease|x64.ActiveCfg = Release|Any CPU
		{74FC5D1B-F016-4F48-9A65-FDDC8E6B4D95}.LinuxRelease|x64.Build.0 = Release|Any CPU
		{74FC5D1B-F016-4F48-9A65-FDDC8E6B4D95}.MacDebug|Any CPU.ActiveCfg = Debug|Any CPU
		{74FC5D1B-F016-4F48-9A65-FDDC8E6B4D95}.MacDebug|Any CPU.Build.0 = Debug|Any CPU
		{74FC5D1B-F016-4F48-9A65-FDDC8E6B4D95}.MacDebug|x64.ActiveCfg = Debug|Any CPU
		{74FC5D1B-F016-4F48-9A65-FDDC8E6B4D95}.MacDebug|x64.Build.0 = Debug|Any CPU
		{74FC5D1B-F016-4F48-9A65-FDDC8E6B4D95}.MacRelease|Any CPU.ActiveCfg = Release|Any CPU
		{74FC5D1B-F016-4F48-9A65-FDDC8E6B4D95}.MacRelease|Any CPU.Build.0 = Release|Any CPU
		{74FC5D1B-F016-4F48-9A65-FDDC8E6B4D95}.MacRelease|x64.ActiveCfg = Release|Any CPU
		{74FC5D1B-F016-4F48-9A65-FDDC8E6B4D95}.MacRelease|x64.Build.0 = Release|Any CPU
		{74FC5D1B-F016-4F48-9A65-FDDC8E6B4D95}.Release|Any CPU.ActiveCfg = Release|Any CPU
		{74FC5D1B-F016-4F48-9A65-FDDC8E6B4D95}.Release|Any CPU.Build.0 = Release|Any CPU
		{74FC5D1B-F016-4F48-9A65-FDDC8E6B4D95}.Release|x64.ActiveCfg = Release|Any CPU
		{74FC5D1B-F016-4F48-9A65-FDDC8E6B4D95}.Release|x64.Build.0 = Release|Any CPU
		{74FC5D1B-F016-4F48-9A65-FDDC8E6B4D95}.WinAzureRelease|Any CPU.ActiveCfg = Release|Any CPU
		{74FC5D1B-F016-4F48-9A65-FDDC8E6B4D95}.WinAzureRelease|Any CPU.Build.0 = Release|Any CPU
		{74FC5D1B-F016-4F48-9A65-FDDC8E6B4D95}.WinAzureRelease|x64.ActiveCfg = Release|Any CPU
		{74FC5D1B-F016-4F48-9A65-FDDC8E6B4D95}.WinAzureRelease|x64.Build.0 = Release|Any CPU
		{74FC5D1B-F016-4F48-9A65-FDDC8E6B4D95}.WinAzureTest|Any CPU.ActiveCfg = Debug|Any CPU
		{74FC5D1B-F016-4F48-9A65-FDDC8E6B4D95}.WinAzureTest|Any CPU.Build.0 = Debug|Any CPU
		{74FC5D1B-F016-4F48-9A65-FDDC8E6B4D95}.WinAzureTest|x64.ActiveCfg = Debug|Any CPU
		{74FC5D1B-F016-4F48-9A65-FDDC8E6B4D95}.WinAzureTest|x64.Build.0 = Debug|Any CPU
		{74FC5D1B-F016-4F48-9A65-FDDC8E6B4D95}.WinDebug|Any CPU.ActiveCfg = Debug|Any CPU
		{74FC5D1B-F016-4F48-9A65-FDDC8E6B4D95}.WinDebug|Any CPU.Build.0 = Debug|Any CPU
		{74FC5D1B-F016-4F48-9A65-FDDC8E6B4D95}.WinDebug|x64.ActiveCfg = Debug|Any CPU
		{74FC5D1B-F016-4F48-9A65-FDDC8E6B4D95}.WinDebug|x64.Build.0 = Debug|Any CPU
		{74FC5D1B-F016-4F48-9A65-FDDC8E6B4D95}.WinRelease|Any CPU.ActiveCfg = Release|Any CPU
		{74FC5D1B-F016-4F48-9A65-FDDC8E6B4D95}.WinRelease|Any CPU.Build.0 = Release|Any CPU
		{74FC5D1B-F016-4F48-9A65-FDDC8E6B4D95}.WinRelease|x64.ActiveCfg = Release|Any CPU
		{74FC5D1B-F016-4F48-9A65-FDDC8E6B4D95}.WinRelease|x64.Build.0 = Release|Any CPU
		{74FC5D1B-F016-4F48-9A65-FDDC8E6B4D95}.WPFDebug|Any CPU.ActiveCfg = Debug|Any CPU
		{74FC5D1B-F016-4F48-9A65-FDDC8E6B4D95}.WPFDebug|Any CPU.Build.0 = Debug|Any CPU
		{74FC5D1B-F016-4F48-9A65-FDDC8E6B4D95}.WPFDebug|x64.ActiveCfg = Debug|Any CPU
		{74FC5D1B-F016-4F48-9A65-FDDC8E6B4D95}.WPFDebug|x64.Build.0 = Debug|Any CPU
		{74FC5D1B-F016-4F48-9A65-FDDC8E6B4D95}.WPFRelease|Any CPU.ActiveCfg = Release|Any CPU
		{74FC5D1B-F016-4F48-9A65-FDDC8E6B4D95}.WPFRelease|Any CPU.Build.0 = Release|Any CPU
		{74FC5D1B-F016-4F48-9A65-FDDC8E6B4D95}.WPFRelease|x64.ActiveCfg = Release|Any CPU
		{74FC5D1B-F016-4F48-9A65-FDDC8E6B4D95}.WPFRelease|x64.Build.0 = Release|Any CPU
	EndGlobalSection
	GlobalSection(SolutionProperties) = preSolution
		HideSolutionNode = FALSE
	EndGlobalSection
	GlobalSection(ExtensibilityGlobals) = postSolution
		SolutionGuid = {143BEF45-4319-45F7-A4F2-89BD8BE2164F}
	EndGlobalSection
EndGlobal
